
Microsoft Visual Studio Solution File, Format Version 12.00
# Visual Studio Version 16
VisualStudioVersion = 16.0.30804.86
MinimumVisualStudioVersion = 10.0.40219.1
Project("{FAE04EC0-301F-11D3-BF4B-00C04F79EFBC}") = "gitHubTest", "gitHubTest\gitHubTest.csproj", "{32F23C10-CA01-49D0-A07F-A5B9B4187047}"
EndProject
Global
	GlobalSection(SolutionConfigurationPlatforms) = preSolution
		Debug|Any CPU = Debug|Any CPU
		Release|Any CPU = Release|Any CPU
	EndGlobalSection
	GlobalSection(ProjectConfigurationPlatforms) = postSolution
		{32F23C10-CA01-49D0-A07F-A5B9B4187047}.Debug|Any CPU.ActiveCfg = Debug|Any CPU
		{32F23C10-CA01-49D0-A07F-A5B9B4187047}.Debug|Any CPU.Build.0 = Debug|Any CPU
		{32F23C10-CA01-49D0-A07F-A5B9B4187047}.Release|Any CPU.ActiveCfg = Release|Any CPU
		{32F23C10-CA01-49D0-A07F-A5B9B4187047}.Release|Any CPU.Build.0 = Release|Any CPU
	EndGlobalSection
	GlobalSection(SolutionProperties) = preSolution
		HideSolutionNode = FALSE
	EndGlobalSection
	GlobalSection(ExtensibilityGlobals) = postSolution
		SolutionGuid = {44DF5C6D-D41D-42F7-A6D9-66CF60774BEC}
	EndGlobalSection
EndGlobal
